
Microsoft Visual Studio Solution File, Format Version 12.00
# Visual Studio Version 17
VisualStudioVersion = 17.9.34728.123
MinimumVisualStudioVersion = 10.0.40219.1
Project("{FAE04EC0-301F-11D3-BF4B-00C04F79EFBC}") = "Back", "Back.csproj", "{EC5C4785-A53B-4788-BBB9-FAFEE2E8F56B}"
EndProject
Global
	GlobalSection(SolutionConfigurationPlatforms) = preSolution
		Debug|Any CPU = Debug|Any CPU
		Release|Any CPU = Release|Any CPU
	EndGlobalSection
	GlobalSection(ProjectConfigurationPlatforms) = postSolution
		{EC5C4785-A53B-4788-BBB9-FAFEE2E8F56B}.Debug|Any CPU.ActiveCfg = Debug|Any CPU
		{EC5C4785-A53B-4788-BBB9-FAFEE2E8F56B}.Debug|Any CPU.Build.0 = Debug|Any CPU
		{EC5C4785-A53B-4788-BBB9-FAFEE2E8F56B}.Release|Any CPU.ActiveCfg = Release|Any CPU
		{EC5C4785-A53B-4788-BBB9-FAFEE2E8F56B}.Release|Any CPU.Build.0 = Release|Any CPU
	EndGlobalSection
	GlobalSection(SolutionProperties) = preSolution
		HideSolutionNode = FALSE
	EndGlobalSection
	GlobalSection(ExtensibilityGlobals) = postSolution
		SolutionGuid = {B69427AE-CCD9-4197-98F0-2D5C59001A60}
	EndGlobalSection
EndGlobal
